# This file is automatically @generated by Poetry 2.4.1 and should not be changed by hand.

[[package]]
name = "dearpygui"
version = "2.3.1"
description = "DearPyGui: A simple Python GUI Toolkit"
optional = false
python-versions = ">=3.8"
groups = ["main"]
files = [
    {file = "dearpygui-2.3.1-cp310-cp310-macosx_13_0_arm64.whl", hash = "sha256:8c3db42d9496e1baed8117148718bb69cab671066435d9f312cafb90d0df530c"},
    {file = "dearpygui-2.3.1-cp310-cp310-manylinux1_x86_64.whl", hash = "sha256:55ce713722583f1c874bfdb458cc3c0c09200c200419a31128534f7a86f9ccff"},
    {file = "dearpygui-2.3.1-cp310-cp310-manylinux2014_aarch64.whl", hash = "sha256:853e912c6d1d555711c002f0e1b7d3355b118fe56a42dda92b30e0dbd6528b76"},
    {file = "dearpygui-2.3.1-cp310-cp310-win_amd64.whl", hash = "sha256:36389e45dda45f91efb1d2d693b2c7198eb987db4799e6442862eba6e5b086bb"},
    {file = "dearpygui-2.3.1-cp311-cp311-macosx_13_0_arm64.whl", hash = "sha256:e1a9ffbb845600ab4a171daf2d7e7a1895f5b4433eed248d4cab42766b55fdff"},
    {file = "dearpygui-2.3.1-cp311-cp311-manylinux1_x86_64.whl", hash = "sha256:686423b4f8a30aaf57f1044ec4e3b087beb9cc9b25be812cf92f4e7feff44fd6"},
    {file = "dearpygui-2.3.1-cp311-cp311-manylinux2014_aarch64.whl", hash = "sha256:0259a2db7b6c82459ac1402b0d42388a7cd180cd97d7dcb31a5210725c3171d3"},
    {file = "dearpygui-2.3.1-cp311-cp311-win_amd64.whl", hash = "sha256:76ee38696a8f1f3805751b1588c98d9bb6567b033b91cb0f58111fb9fe907b5b"},
    {file = "dearpygui-2.3.1-cp312-cp312-macosx_13_0_arm64.whl", hash = "sha256:6b1efd675a358176b3b76c039587a543d407d8fbb2cc3643a527e0ab7c0f5577"},
    {file = "dearpygui-2.3.1-cp312-cp312-manylinux1_x86_64.whl", hash = "sha256:364b5b6a0953999fec764d529d9bb0b2cc6ab6ed06188e0ded28237c1475ca98"},
    {file = "dearpygui-2.3.1-cp312-cp312-manylinux2014_aarch64.whl", hash = "sha256:199dffebda245c9f59aa7c10c3b7f62963237c5f744150ad9be409b27a2661d3"},
    {file = "dearpygui-2.3.1-cp312-cp312-win_amd64.whl", hash = "sha256:26ed9197cdb30099c665bd1b23724e0dba60ad06b71344ecca7e52748c21874b"},
    {file = "dearpygui-2.3.1-cp313-cp313-macosx_13_0_arm64.whl", hash = "sha256:d2d29e72b031886893b32269e1478eff1fd651512e6c2bceda91059c3bc8ee0e"},
    {file = "dearpygui-2.3.1-cp313-cp313-manylinux1_x86_64.whl", hash = "sha256:e3f64c8d4cae68a3b5be1b7531d08400ccbf1e4ff03c7acfc85954f98993f864"},
    {file = "dearpygui-2.3.1-cp313-cp313-manylinux2014_aarch64.whl", hash = "sha256:0d8b7a5a04cd4a6e25dbf162aa0405cf12143a1c82b33e371c20e5ba8d9349f3"},
    {file = "dearpygui-2.3.1-cp313-cp313-win_amd64.whl", hash = "sha256:7946722c50f1e08866dfdb78eb33dd4e67dea1a3cfe4400b159e1c96861116dc"},
    {file = "dearpygui-2.3.1-cp314-cp314-macosx_13_0_arm64.whl", hash = "sha256:e2cbabd8d383308ea3520360e100d1e95c9a957cd26247431cd4920b23c3b56e"},
    {file = "dearpygui-2.3.1-cp314-cp314-manylinux1_x86_64.whl", hash = "sha256:953442c7272e57f3686e393edc5cf6ce73cc2f47142739735dfabed403e33770"},
    {file = "dearpygui-2.3.1-cp314-cp314-manylinux2014_aarch64.whl", hash = "sha256:43a561b5dc589944a3a2b469e5e68f1ab35ae38b3dcdf1f813ed9d6e024153f8"},
    {file = "dearpygui-2.3.1-cp314-cp314-win_amd64.whl", hash = "sha256:272cc52c66bc5a4a332f13a3af5e603070d47ca7cc4976e6a8c247594e2b3dd0"},
    {file = "dearpygui-2.3.1-cp38-cp38-manylinux1_x86_64.whl", hash = "sha256:cd7d63969fb174388bc8c99357fc71c796a8b799d53c03009c0d107fdbccdcad"},
    {file = "dearpygui-2.3.1-cp38-cp38-manylinux2014_aarch64.whl", hash = "sha256:10e6de05dd1441ad8200ff686ad204700dfb931f4fa00e6b58b49641f0d69a26"},
    {file = "dearpygui-2.3.1-cp38-cp38-win_amd64.whl", hash = "sha256:26c50477813b90cc654d6320a1e8b8205dd6478e6c9c2ffcbb5664ce331ff885"},
    {file = "dearpygui-2.3.1-cp39-cp39-manylinux1_x86_64.whl", hash = "sha256:fc965058229e5c5fd448bce1e3f749174fc7c68c0616bef5d06f5d30a7689ec6"},
    {file = "dearpygui-2.3.1-cp39-cp39-manylinux2014_aarch64.whl", hash = "sha256:21bbdde9c77ee4472e47aea351e649b724bac599eb041515f10c8cd583dbc4ab"},
    {file = "dearpygui-2.3.1-cp39-cp39-win_amd64.whl", hash = "sha256:71be98a4403ebb5732fb99d13c4621bd3857a50c9390f247f33c6df336abaa10"},
]

[[package]]
name = "pymupdf"
version = "1.28.2"
description = "A high performance Python library for data extraction, analysis, conversion & manipulation of PDF (and other) documents."
optional = false
python-versions = ">=3.10"
groups = ["main"]
files = [
    {file = "pymupdf-1.28.2-cp310-abi3-macosx_10_15_x86_64.whl", hash = "sha256:5fc315b425ff1f7afdd1ea2f348205cb19b806767daae7ce4d64115799c2bae1"},
    {file = "pymupdf-1.28.2-cp310-abi3-macosx_11_0_arm64.whl", hash = "sha256:7113846b35dbf0a033f088e4f4fb543dabeb4b0b12c112966a1ca1ee2d5eacae"},
    {file = "pymupdf-1.28.2-cp310-abi3-manylinux_2_28_aarch64.whl", hash = "sha256:3050a233dde1211efe89ada74e2add6238436434159f46097a1423aad2842545"},
    {file = "pymupdf-1.28.2-cp310-abi3-manylinux_2_28_x86_64.whl", hash = "sha256:397d6715c1f0df7548a92d0afd8ce370fc48fa47aeefac16be2bc04a16a8227f"},
    {file = "pymupdf-1.28.2-cp310-abi3-musllinux_1_2_x86_64.whl", hash = "sha256:f89fb2d86d07d643a269f17a093105057e20c79c1d06c103b53600067b6d2b01"},
    {file = "pymupdf-1.28.2-cp310-abi3-win32.whl", hash = "sha256:530ef543a3885b3b81cb72a854e7c5a625a9233201221132bb6c31698c6a2bdb"},
    {file = "pymupdf-1.28.2-cp310-abi3-win_amd64.whl", hash = "sha256:ebd244918798502d7b4504c90410d1711a4d7675a32584ca30f1bab419ecbffe"},
    {file = "pymupdf-1.28.2-cp310-abi3-win_arm64.whl", hash = "sha256:ffe91a24edc75c80da2a4b62f50fc0f54632d34fc8fe4cbc48e5c7ff07cf8fb4"},
    {file = "pymupdf-1.28.2-cp313-abi3-pyemscripten_2025_0_wasm32.whl", hash = "sha256:2e1b574c0fd2cb238021033fd3c0f9c4388816638df064e4bfb56d9d81736dc8"},
    {file = "pymupdf-1.28.2-cp314-cp314t-manylinux_2_28_x86_64.whl", hash = "sha256:fd481ed48bef56305c41fb7e05a055c03345c899c7b101dad086258b438f8168"},
    {file = "pymupdf-1.28.2.tar.gz", hash = "sha256:5e0be7908a715aa20333caddd73f1d6f01e4cd0c26e869fa2dd0b7f344da2249"},
]

[[package]]
name = "pywin32"
version = "312"
description = "Python for Windows Extensions"
optional = false
python-versions = ">=3.9"
groups = ["main"]
markers = "sys_platform == \"win32\""
files = [
    {file = "pywin32-312-cp310-cp310-win32.whl", hash = "sha256:772235332b5d1024c696f11cea1ae4be7930f0a8b894bb43db14e3f435f1ff7e"},
    {file = "pywin32-312-cp310-cp310-win_amd64.whl", hash = "sha256:5dbc35d2b5320dc07f25fa31269cfb767471002b17de5eb067d03da68c7cb2db"},
    {file = "pywin32-312-cp310-cp310-win_arm64.whl", hash = "sha256:3020656e34f1cf7faeb7bccd2b84653a607c6ff0c55ada85e6487d61716deabd"},
    {file = "pywin32-312-cp311-cp311-win32.whl", hash = "sha256:17948aeadbdb091f0ced6ef0841620794e68327b94ee415571c1203594b7215c"},
    {file = "pywin32-312-cp311-cp311-win_amd64.whl", hash = "sha256:d11417d84412f859b722fad0841b3614459ed0047f7542d8362e77884f6b6e8a"},
    {file = "pywin32-312-cp311-cp311-win_arm64.whl", hash = "sha256:b2200a054ca6d6625c4842fc56a4976a4b47f96b73dbe5538c3f813a80359f47"},
    {file = "pywin32-312-cp312-cp312-win32.whl", hash = "sha256:dab4f65ac9c4e48400a2a0530c46c3c579cd5905ecd11b80692373915269208b"},
    {file = "pywin32-312-cp312-cp312-win_amd64.whl", hash = "sha256:b457f6d628a47e8a7346ce22acb7e1a46a4a78b52e1d17e1af56871bd19a93bc"},
    {file = "pywin32-312-cp312-cp312-win_arm64.whl", hash = "sha256:6017c58e12f6809fbb0555b75df144c2922a9ffd18e4b9b5afa863b6c1a9d950"},
    {file = "pywin32-312-cp313-cp313-win32.whl", hash = "sha256:7a27df850933d16a8eabfbaeb73d52b273e2da667f80d70b01a89d1f6828d02c"},
    {file = "pywin32-312-cp313-cp313-win_amd64.whl", hash = "sha256:c53e878d15a1c44788082bfe712a905433473aa38f86375b7cf8b45e3acbaaf9"},
    {file = "pywin32-312-cp313-cp313-win_arm64.whl", hash = "sha256:59aba5d5940842075343a5ddc6b11f1cdf0d1567fe745290359dfbcc7c2eb831"},
    {file = "pywin32-312-cp314-cp314-win32.whl", hash = "sha256:a77a90fbb6881238d2ca9c6fd797b25817f3768fe78d214a90137ff055a75f5b"},
    {file = "pywin32-312-cp314-cp314-win_amd64.whl", hash = "sha256:a4dd3a848290ef724347b19f301045831d8e802fa4464f491b98b1e0a081432e"},
    {file = "pywin32-312-cp314-cp314-win_arm64.whl", hash = "sha256:9fce94568364e0155e6dfb781ac5d95903be8baf28670632beab1b523f300daa"},
    {file = "pywin32-312-cp315-cp315-win32.whl", hash = "sha256:5c1fbe4a937a73ae9297384a3da38518cbc694c68ad8a809b2e19acd350f03ed"},
    {file = "pywin32-312-cp315-cp315-win_amd64.whl", hash = "sha256:c2f03a0f73f804a13c2735b99392b0cd426bb4f2c4d0178e5ac966a0f21618d5"},
    {file = "pywin32-312-cp315-cp315-win_arm64.whl", hash = "sha256:a8597d28f267b39074aef51fa593530082b39cbe5a074226096857b1fed2dfb9"},
    {file = "pywin32-312-cp39-cp39-win32.whl", hash = "sha256:d620900033cc7531e50727c3c8333091df5dd3ffe6d68cdca38c03f5821408d5"},
    {file = "pywin32-312-cp39-cp39-win_amd64.whl", hash = "sha256:dc90147579a905b8635e1b0ec6514967dcb07e6e0d9c42f1477feef14cac23bb"},
    {file = "pywin32-312-cp39-cp39-win_arm64.whl", hash = "sha256:02ebca0f0242b75292e218065004310d6a477407c09fa449bfe4f6022bc0c0fc"},
]

[metadata]
lock-version = "2.1"
python-versions = ">=3.12"
content-hash = "34b9310588263faa695cdfd11534331fef15449481f86f5d220154adafcf055a"
